
Microsoft Visual Studio Solution File, Format Version 12.00
# Visual Studio Version 17
VisualStudioVersion = 17.5.33516.290
MinimumVisualStudioVersion = 10.0.40219.1
Project("{FAE04EC0-301F-11D3-BF4B-00C04F79EFBC}") = "Expense Tracker", "Expense Tracker\Expense Tracker.csproj", "{06EB4C3D-E994-4A22-84F2-07F7045A8AB6}"
EndProject
Global
	GlobalSection(SolutionConfigurationPlatforms) = preSolution
		Debug|Any CPU = Debug|Any CPU
		Release|Any CPU = Release|Any CPU
	EndGlobalSection
	GlobalSection(ProjectConfigurationPlatforms) = postSolution
		{06EB4C3D-E994-4A22-84F2-07F7045A8AB6}.Debug|Any CPU.ActiveCfg = Debug|Any CPU
		{06EB4C3D-E994-4A22-84F2-07F7045A8AB6}.Debug|Any CPU.Build.0 = Debug|Any CPU
		{06EB4C3D-E994-4A22-84F2-07F7045A8AB6}.Release|Any CPU.ActiveCfg = Release|Any CPU
		{06EB4C3D-E994-4A22-84F2-07F7045A8AB6}.Release|Any CPU.Build.0 = Release|Any CPU
	EndGlobalSection
	GlobalSection(SolutionProperties) = preSolution
		HideSolutionNode = FALSE
	EndGlobalSection
	GlobalSection(ExtensibilityGlobals) = postSolution
		SolutionGuid = {6DB81D52-BA12-48ED-9713-E629083A5203}
	EndGlobalSection
EndGlobal
